
Microsoft Visual Studio Solution File, Format Version 12.00
Project("{FAE04EC0-301F-11D3-BF4B-00C04F79EFBC}") = "ConsoleApp4", "ConsoleApp4.csproj", "{EC536B03-8CD2-4539-B8A6-0E272DB3D573}"
EndProject
Global
	GlobalSection(SolutionConfigurationPlatforms) = preSolution
		Debug|Any CPU = Debug|Any CPU
		Release|Any CPU = Release|Any CPU
	EndGlobalSection
	GlobalSection(ProjectConfigurationPlatforms) = postSolution
		{EC536B03-8CD2-4539-B8A6-0E272DB3D573}.Debug|Any CPU.ActiveCfg = Debug|Any CPU
		{EC536B03-8CD2-4539-B8A6-0E272DB3D573}.Debug|Any CPU.Build.0 = Debug|Any CPU
		{EC536B03-8CD2-4539-B8A6-0E272DB3D573}.Release|Any CPU.ActiveCfg = Release|Any CPU
		{EC536B03-8CD2-4539-B8A6-0E272DB3D573}.Release|Any CPU.Build.0 = Release|Any CPU
	EndGlobalSection
EndGlobal
